
Microsoft Visual Studio Solution File, Format Version 12.00
# Visual Studio Version 17
VisualStudioVersion = 17.7.34024.191
MinimumVisualStudioVersion = 10.0.40219.1
Project("{FAE04EC0-301F-11D3-BF4B-00C04F79EFBC}") = "Console_FolderCopy", "Console_FolderCopy\Console_FolderCopy.csproj", "{0AB04BCF-E5FD-41F0-96F1-3705C98107E2}"
EndProject
Global
	GlobalSection(SolutionConfigurationPlatforms) = preSolution
		Debug|Any CPU = Debug|Any CPU
		Release|Any CPU = Release|Any CPU
	EndGlobalSection
	GlobalSection(ProjectConfigurationPlatforms) = postSolution
		{0AB04BCF-E5FD-41F0-96F1-3705C98107E2}.Debug|Any CPU.ActiveCfg = Debug|Any CPU
		{0AB04BCF-E5FD-41F0-96F1-3705C98107E2}.Debug|Any CPU.Build.0 = Debug|Any CPU
		{0AB04BCF-E5FD-41F0-96F1-3705C98107E2}.Release|Any CPU.ActiveCfg = Release|Any CPU
		{0AB04BCF-E5FD-41F0-96F1-3705C98107E2}.Release|Any CPU.Build.0 = Release|Any CPU
	EndGlobalSection
	GlobalSection(SolutionProperties) = preSolution
		HideSolutionNode = FALSE
	EndGlobalSection
	GlobalSection(ExtensibilityGlobals) = postSolution
		SolutionGuid = {FC3FB463-BC6D-46FC-BBDE-B6B6EF6BFF77}
	EndGlobalSection
EndGlobal
